
Microsoft Visual Studio Solution File, Format Version 12.00
# Visual Studio 15
VisualStudioVersion = 15.0.26430.13
MinimumVisualStudioVersion = 10.0.40219.1
Project("{FAE04EC0-301F-11D3-BF4B-00C04F79EFBC}") = "01-02.GoodAbstraction", "01.GoodAbstraction\01-02.GoodAbstraction.csproj", "{08E78072-4CC1-4630-9898-750877C1558B}"
EndProject
Project("{FAE04EC0-301F-11D3-BF4B-00C04F79EFBC}") = "03.CohesionAndCoupling", "03.CohesionAndCoupling\03.CohesionAndCoupling.csproj", "{8FC92BE5-4940-459A-9592-980FF243A414}"
EndProject
Project("{FAE04EC0-301F-11D3-BF4B-00C04F79EFBC}") = "04.InheritanceAndPolymorphism", "04.InheritanceAndPolymorphism\04.InheritanceAndPolymorphism.csproj", "{EE3313E1-1918-4D8B-8564-68F1790EA0CB}"
EndProject
Global
	GlobalSection(SolutionConfigurationPlatforms) = preSolution
		Debug|Any CPU = Debug|Any CPU
		Release|Any CPU = Release|Any CPU
	EndGlobalSection
	GlobalSection(ProjectConfigurationPlatforms) = postSolution
		{08E78072-4CC1-4630-9898-750877C1558B}.Debug|Any CPU.ActiveCfg = Debug|Any CPU
		{08E78072-4CC1-4630-9898-750877C1558B}.Debug|Any CPU.Build.0 = Debug|Any CPU
		{08E78072-4CC1-4630-9898-750877C1558B}.Release|Any CPU.ActiveCfg = Release|Any CPU
		{08E78072-4CC1-4630-9898-750877C1558B}.Release|Any CPU.Build.0 = Release|Any CPU
		{8FC92BE5-4940-459A-9592-980FF243A414}.Debug|Any CPU.ActiveCfg = Debug|Any CPU
		{8FC92BE5-4940-459A-9592-980FF243A414}.Debug|Any CPU.Build.0 = Debug|Any CPU
		{8FC92BE5-4940-459A-9592-980FF243A414}.Release|Any CPU.ActiveCfg = Release|Any CPU
		{8FC92BE5-4940-459A-9592-980FF243A414}.Release|Any CPU.Build.0 = Release|Any CPU
		{EE3313E1-1918-4D8B-8564-68F1790EA0CB}.Debug|Any CPU.ActiveCfg = Debug|Any CPU
		{EE3313E1-1918-4D8B-8564-68F1790EA0CB}.Debug|Any CPU.Build.0 = Debug|Any CPU
		{EE3313E1-1918-4D8B-8564-68F1790EA0CB}.Release|Any CPU.ActiveCfg = Release|Any CPU
		{EE3313E1-1918-4D8B-8564-68F1790EA0CB}.Release|Any CPU.Build.0 = Release|Any CPU
	EndGlobalSection
	GlobalSection(SolutionProperties) = preSolution
		HideSolutionNode = FALSE
	EndGlobalSection
EndGlobal
