
Microsoft Visual Studio Solution File, Format Version 12.00
# Visual Studio 15
VisualStudioVersion = 15.0.26430.13
MinimumVisualStudioVersion = 10.0.40219.1
Project("{FAE04EC0-301F-11D3-BF4B-00C04F79EFBC}") = "Matrix", "Startup\Matrix.csproj", "{4D25BFD6-308C-4305-BC9A-81012FF94405}"
EndProject
Project("{FAE04EC0-301F-11D3-BF4B-00C04F79EFBC}") = "TestMatrix", "TestMatrix\TestMatrix.csproj", "{6C13BD66-8336-4136-8F6D-3A57EA926B31}"
EndProject
Global
	GlobalSection(SolutionConfigurationPlatforms) = preSolution
		Debug|Any CPU = Debug|Any CPU
		Release|Any CPU = Release|Any CPU
	EndGlobalSection
	GlobalSection(ProjectConfigurationPlatforms) = postSolution
		{4D25BFD6-308C-4305-BC9A-81012FF94405}.Debug|Any CPU.ActiveCfg = Debug|Any CPU
		{4D25BFD6-308C-4305-BC9A-81012FF94405}.Debug|Any CPU.Build.0 = Debug|Any CPU
		{4D25BFD6-308C-4305-BC9A-81012FF94405}.Release|Any CPU.ActiveCfg = Release|Any CPU
		{4D25BFD6-308C-4305-BC9A-81012FF94405}.Release|Any CPU.Build.0 = Release|Any CPU
		{6C13BD66-8336-4136-8F6D-3A57EA926B31}.Debug|Any CPU.ActiveCfg = Debug|Any CPU
		{6C13BD66-8336-4136-8F6D-3A57EA926B31}.Debug|Any CPU.Build.0 = Debug|Any CPU
		{6C13BD66-8336-4136-8F6D-3A57EA926B31}.Release|Any CPU.ActiveCfg = Release|Any CPU
		{6C13BD66-8336-4136-8F6D-3A57EA926B31}.Release|Any CPU.Build.0 = Release|Any CPU
	EndGlobalSection
	GlobalSection(SolutionProperties) = preSolution
		HideSolutionNode = FALSE
	EndGlobalSection
EndGlobal
