
Microsoft Visual Studio Solution File, Format Version 12.00
# Visual Studio 15
VisualStudioVersion = 15.0.26430.13
MinimumVisualStudioVersion = 10.0.40219.1
Project("{FAE04EC0-301F-11D3-BF4B-00C04F79EFBC}") = "Poker", "Poker.csproj", "{28FE6BA3-4622-406E-81C4-419B0D2368F9}"
EndProject
Project("{2150E333-8FDC-42A3-9474-1A3956D46DE8}") = "TestPoker", "TestPoker", "{A01BA487-A8EE-402F-979A-31947CEFE96E}"
EndProject
Project("{FAE04EC0-301F-11D3-BF4B-00C04F79EFBC}") = "TestPoker", "..\TestCard\TestPoker.csproj", "{6A59D046-EF4A-4CF7-87AE-71456AEAA001}"
EndProject
Global
	GlobalSection(SolutionConfigurationPlatforms) = preSolution
		Debug|Any CPU = Debug|Any CPU
		Release|Any CPU = Release|Any CPU
	EndGlobalSection
	GlobalSection(ProjectConfigurationPlatforms) = postSolution
		{28FE6BA3-4622-406E-81C4-419B0D2368F9}.Debug|Any CPU.ActiveCfg = Debug|Any CPU
		{28FE6BA3-4622-406E-81C4-419B0D2368F9}.Debug|Any CPU.Build.0 = Debug|Any CPU
		{28FE6BA3-4622-406E-81C4-419B0D2368F9}.Release|Any CPU.ActiveCfg = Release|Any CPU
		{28FE6BA3-4622-406E-81C4-419B0D2368F9}.Release|Any CPU.Build.0 = Release|Any CPU
		{6A59D046-EF4A-4CF7-87AE-71456AEAA001}.Debug|Any CPU.ActiveCfg = Debug|Any CPU
		{6A59D046-EF4A-4CF7-87AE-71456AEAA001}.Debug|Any CPU.Build.0 = Debug|Any CPU
		{6A59D046-EF4A-4CF7-87AE-71456AEAA001}.Release|Any CPU.ActiveCfg = Release|Any CPU
		{6A59D046-EF4A-4CF7-87AE-71456AEAA001}.Release|Any CPU.Build.0 = Release|Any CPU
	EndGlobalSection
	GlobalSection(SolutionProperties) = preSolution
		HideSolutionNode = FALSE
	EndGlobalSection
	GlobalSection(NestedProjects) = preSolution
		{6A59D046-EF4A-4CF7-87AE-71456AEAA001} = {A01BA487-A8EE-402F-979A-31947CEFE96E}
	EndGlobalSection
EndGlobal
