
Microsoft Visual Studio Solution File, Format Version 12.00
# Visual Studio 15
VisualStudioVersion = 15.0.26430.13
MinimumVisualStudioVersion = 10.0.40219.1
Project("{FAE04EC0-301F-11D3-BF4B-00C04F79EFBC}") = "01.BooleanToStringConverter", "01.Class\01.BooleanToStringConverter.csproj", "{2BED0AE0-E035-4990-BD93-E13850B9D361}"
EndProject
Project("{FAE04EC0-301F-11D3-BF4B-00C04F79EFBC}") = "02.GenerateHuman", "ConsoleApp1\02.GenerateHuman.csproj", "{B562FC13-6E69-411F-A509-E23C173C1963}"
EndProject
Project("{FAE04EC0-301F-11D3-BF4B-00C04F79EFBC}") = "3.RefactorAndImproveTheCode", "3.Re-factorAndImproveTheCode\3.RefactorAndImproveTheCode.csproj", "{C67FAD69-21FE-4830-8C01-F9A3BF35928C}"
EndProject
Global
	GlobalSection(SolutionConfigurationPlatforms) = preSolution
		Debug|Any CPU = Debug|Any CPU
		Release|Any CPU = Release|Any CPU
	EndGlobalSection
	GlobalSection(ProjectConfigurationPlatforms) = postSolution
		{2BED0AE0-E035-4990-BD93-E13850B9D361}.Debug|Any CPU.ActiveCfg = Debug|Any CPU
		{2BED0AE0-E035-4990-BD93-E13850B9D361}.Debug|Any CPU.Build.0 = Debug|Any CPU
		{2BED0AE0-E035-4990-BD93-E13850B9D361}.Release|Any CPU.ActiveCfg = Release|Any CPU
		{2BED0AE0-E035-4990-BD93-E13850B9D361}.Release|Any CPU.Build.0 = Release|Any CPU
		{B562FC13-6E69-411F-A509-E23C173C1963}.Debug|Any CPU.ActiveCfg = Debug|Any CPU
		{B562FC13-6E69-411F-A509-E23C173C1963}.Debug|Any CPU.Build.0 = Debug|Any CPU
		{B562FC13-6E69-411F-A509-E23C173C1963}.Release|Any CPU.ActiveCfg = Release|Any CPU
		{B562FC13-6E69-411F-A509-E23C173C1963}.Release|Any CPU.Build.0 = Release|Any CPU
		{C67FAD69-21FE-4830-8C01-F9A3BF35928C}.Debug|Any CPU.ActiveCfg = Debug|Any CPU
		{C67FAD69-21FE-4830-8C01-F9A3BF35928C}.Debug|Any CPU.Build.0 = Debug|Any CPU
		{C67FAD69-21FE-4830-8C01-F9A3BF35928C}.Release|Any CPU.ActiveCfg = Release|Any CPU
		{C67FAD69-21FE-4830-8C01-F9A3BF35928C}.Release|Any CPU.Build.0 = Release|Any CPU
	EndGlobalSection
	GlobalSection(SolutionProperties) = preSolution
		HideSolutionNode = FALSE
	EndGlobalSection
EndGlobal
