
Microsoft Visual Studio Solution File, Format Version 12.00
# Visual Studio 15
VisualStudioVersion = 15.0.26430.13
MinimumVisualStudioVersion = 10.0.40219.1
Project("{FAE04EC0-301F-11D3-BF4B-00C04F79EFBC}") = "01.FormattingCSharpBunny", "01.FormattingCSharp\01.FormattingCSharpBunny.csproj", "{01B41D97-E3EE-4CCB-961D-538A97990CA8}"
EndProject
Project("{FAE04EC0-301F-11D3-BF4B-00C04F79EFBC}") = "01.FormattingCSharpEvent", "01.FormattingCSharpEvent\01.FormattingCSharpEvent.csproj", "{42D50FD3-998D-4F7B-946D-66DE78B90842}"
EndProject
Global
	GlobalSection(SolutionConfigurationPlatforms) = preSolution
		Debug|Any CPU = Debug|Any CPU
		Release|Any CPU = Release|Any CPU
	EndGlobalSection
	GlobalSection(ProjectConfigurationPlatforms) = postSolution
		{01B41D97-E3EE-4CCB-961D-538A97990CA8}.Debug|Any CPU.ActiveCfg = Debug|Any CPU
		{01B41D97-E3EE-4CCB-961D-538A97990CA8}.Debug|Any CPU.Build.0 = Debug|Any CPU
		{01B41D97-E3EE-4CCB-961D-538A97990CA8}.Release|Any CPU.ActiveCfg = Release|Any CPU
		{01B41D97-E3EE-4CCB-961D-538A97990CA8}.Release|Any CPU.Build.0 = Release|Any CPU
		{42D50FD3-998D-4F7B-946D-66DE78B90842}.Debug|Any CPU.ActiveCfg = Debug|Any CPU
		{42D50FD3-998D-4F7B-946D-66DE78B90842}.Debug|Any CPU.Build.0 = Debug|Any CPU
		{42D50FD3-998D-4F7B-946D-66DE78B90842}.Release|Any CPU.ActiveCfg = Release|Any CPU
		{42D50FD3-998D-4F7B-946D-66DE78B90842}.Release|Any CPU.Build.0 = Release|Any CPU
	EndGlobalSection
	GlobalSection(SolutionProperties) = preSolution
		HideSolutionNode = FALSE
	EndGlobalSection
EndGlobal
