
Microsoft Visual Studio Solution File, Format Version 12.00
# Visual Studio 2013
VisualStudioVersion = 12.0.21005.1
MinimumVisualStudioVersion = 10.0.40219.1
Project("{FAE04EC0-301F-11D3-BF4B-00C04F79EFBC}") = "01.ClassSizeInCSharp", "01.ClassSizeInCSharp\01.ClassSizeInCSharp.csproj", "{61339F8B-8A44-49EC-935A-F64368E3F66B}"
EndProject
Project("{FAE04EC0-301F-11D3-BF4B-00C04F79EFBC}") = "02.MethodPrintStatisticsInCSharp", "02.MethodPrintStatisticsInCSharp\02.MethodPrintStatisticsInCSharp.csproj", "{A7403213-D064-4A4B-B608-9AC77597DA50}"
EndProject
Global
	GlobalSection(SolutionConfigurationPlatforms) = preSolution
		Debug|Any CPU = Debug|Any CPU
		Release|Any CPU = Release|Any CPU
	EndGlobalSection
	GlobalSection(ProjectConfigurationPlatforms) = postSolution
		{61339F8B-8A44-49EC-935A-F64368E3F66B}.Debug|Any CPU.ActiveCfg = Debug|Any CPU
		{61339F8B-8A44-49EC-935A-F64368E3F66B}.Debug|Any CPU.Build.0 = Debug|Any CPU
		{61339F8B-8A44-49EC-935A-F64368E3F66B}.Release|Any CPU.ActiveCfg = Release|Any CPU
		{61339F8B-8A44-49EC-935A-F64368E3F66B}.Release|Any CPU.Build.0 = Release|Any CPU
		{A7403213-D064-4A4B-B608-9AC77597DA50}.Debug|Any CPU.ActiveCfg = Debug|Any CPU
		{A7403213-D064-4A4B-B608-9AC77597DA50}.Debug|Any CPU.Build.0 = Debug|Any CPU
		{A7403213-D064-4A4B-B608-9AC77597DA50}.Release|Any CPU.ActiveCfg = Release|Any CPU
		{A7403213-D064-4A4B-B608-9AC77597DA50}.Release|Any CPU.Build.0 = Release|Any CPU
	EndGlobalSection
	GlobalSection(SolutionProperties) = preSolution
		HideSolutionNode = FALSE
	EndGlobalSection
EndGlobal
